<?xml version="1.0" encoding="utf-8"?>
<Project ToolsVersion="4.0" xmlns="http://schemas.microsoft.com/developer/msbuild/2003">
  <ItemGroup>
    <ClCompile Include="src\HyperVisor.cpp">
      <Filter>src\HyperVisor</Filter>
    </ClCompile>
    <ClCompile Include="src\VirtualizedCpu.cpp">
      <Filter>src\CPU</Filter>
    </ClCompile>
    <ClCompile Include="src\VMX.cpp">
      <Filter>src\VMX</Filter>
    </ClCompile>
    <ClCompile Include="src\Cronos.cpp">
      <Filter>src\Cronos</Filter>
    </ClCompile>
  </ItemGroup>
  <ItemGroup>
    <ClInclude Include="Common\base\HVCommon.h">
      <Filter>src\Common\base</Filter>
    </ClInclude>
    <ClInclude Include="Common\CPU\vmcs.h">
      <Filter>src\Common\CPU</Filter>
    </ClInclude>
    <ClInclude Include="src\HyperVisor.h">
      <Filter>src\HyperVisor</Filter>
    </ClInclude>
    <ClInclude Include="src\VirtualizedCpu.h">
      <Filter>src\CPU</Filter>
    </ClInclude>
    <ClInclude Include="src\VMX.h">
      <Filter>src\VMX</Filter>
    </ClInclude>
    <ClInclude Include="src\Cronos.h">
      <Filter>src\Cronos</Filter>
    </ClInclude>
    <ClInclude Include="src\VmmAutoExit.hpp">
      <Filter>src\HyperVisor</Filter>
    </ClInclude>
    <ClInclude Include="..\Common\utils\ProcessorWalker.hpp">
      <Filter>Common\utils</Filter>
    </ClInclude>
    <ClInclude Include="..\Common\cpu\msr.h">
      <Filter>Common\cpu</Filter>
    </ClInclude>
    <ClInclude Include="..\Common\auto\MemoryObj.hpp">
      <Filter>Common\auto</Filter>
    </ClInclude>
  </ItemGroup>
  <ItemGroup>
    <ResourceCompile Include="driver_template.rc" />
  </ItemGroup>
  <ItemGroup>
    <Filter Include="src">
      <UniqueIdentifier>{1da468d2-5f94-4b88-a15a-4d40023bb6e5}</UniqueIdentifier>
    </Filter>
    <Filter Include="src\HyperVisor">
      <UniqueIdentifier>{695b8394-971e-455b-a80b-0960dbc3e2f5}</UniqueIdentifier>
    </Filter>
    <Filter Include="src\amd64">
      <UniqueIdentifier>{12501573-d1f5-49bf-83f9-c9885c853537}</UniqueIdentifier>
    </Filter>
    <Filter Include="src\VMX">
      <UniqueIdentifier>{3d201d35-d648-4504-b626-9eef6b74c19c}</UniqueIdentifier>
    </Filter>
    <Filter Include="src\CPU">
      <UniqueIdentifier>{13ca97f8-1bbf-4075-bf8a-3868eff838e1}</UniqueIdentifier>
    </Filter>
    <Filter Include="src\Common">
      <UniqueIdentifier>{d66ad410-509d-4277-a0e9-98700ed09700}</UniqueIdentifier>
    </Filter>
    <Filter Include="src\Common\base">
      <UniqueIdentifier>{5306fd54-ee4f-423e-b156-1dc9e7f04850}</UniqueIdentifier>
    </Filter>
    <Filter Include="src\Common\CPU">
      <UniqueIdentifier>{7896e3ec-6baf-455d-a91d-6b113b4c3917}</UniqueIdentifier>
    </Filter>
    <Filter Include="src\Cronos">
      <UniqueIdentifier>{b0af3d85-daac-4087-b4fe-0737566b59ae}</UniqueIdentifier>
    </Filter>
    <Filter Include="Common">
      <UniqueIdentifier>{b84fa798-a43a-48ef-9cd6-de9ceaa94cbf}</UniqueIdentifier>
    </Filter>
    <Filter Include="Common\amd64">
      <UniqueIdentifier>{00cb146d-6357-4ac6-bb5e-30a1aec1c2a4}</UniqueIdentifier>
    </Filter>
    <Filter Include="Common\utils">
      <UniqueIdentifier>{215c58db-5a9c-4483-aa18-ed427914e39e}</UniqueIdentifier>
    </Filter>
    <Filter Include="Common\cpu">
      <UniqueIdentifier>{18ecadf4-7422-4ad2-8865-02704fc28b0b}</UniqueIdentifier>
    </Filter>
    <Filter Include="Common\auto">
      <UniqueIdentifier>{72d67ba9-3ef8-454c-bc26-85733049b4d5}</UniqueIdentifier>
    </Filter>
  </ItemGroup>
  <ItemGroup>
    <MASM Include="src\amd64\_hv.asm">
      <Filter>src\amd64</Filter>
    </MASM>
    <MASM Include="src\amd64\_vmx.asm">
      <Filter>src\amd64</Filter>
    </MASM>
    <MASM Include="..\Common\amd64\_instrinsics.asm">
      <Filter>Common\amd64</Filter>
    </MASM>
  </ItemGroup>
  <ItemGroup>
    <None Include="..\Common\amd64\common.inc">
      <Filter>Common\amd64</Filter>
    </None>
  </ItemGroup>
</Project>